
Microsoft Visual Studio Solution File, Format Version 12.00
# Visual Studio Version 17
VisualStudioVersion = 17.11.35327.3
MinimumVisualStudioVersion = 10.0.40219.1
Project("{FAE04EC0-301F-11D3-BF4B-00C04F79EFBC}") = "add aval", "add aval\add aval.csproj", "{79DECDD4-32DA-4072-8509-72882034E46D}"
EndProject
Global
	GlobalSection(SolutionConfigurationPlatforms) = preSolution
		Debug|Any CPU = Debug|Any CPU
		Release|Any CPU = Release|Any CPU
	EndGlobalSection
	GlobalSection(ProjectConfigurationPlatforms) = postSolution
		{79DECDD4-32DA-4072-8509-72882034E46D}.Debug|Any CPU.ActiveCfg = Debug|Any CPU
		{79DECDD4-32DA-4072-8509-72882034E46D}.Debug|Any CPU.Build.0 = Debug|Any CPU
		{79DECDD4-32DA-4072-8509-72882034E46D}.Release|Any CPU.ActiveCfg = Release|Any CPU
		{79DECDD4-32DA-4072-8509-72882034E46D}.Release|Any CPU.Build.0 = Release|Any CPU
	EndGlobalSection
	GlobalSection(SolutionProperties) = preSolution
		HideSolutionNode = FALSE
	EndGlobalSection
	GlobalSection(ExtensibilityGlobals) = postSolution
		SolutionGuid = {3C53C1A7-DE78-42D7-91B5-2783206747EC}
	EndGlobalSection
EndGlobal
