
Microsoft Visual Studio Solution File, Format Version 12.00
# Visual Studio Version 17
VisualStudioVersion = 17.11.35327.3
MinimumVisualStudioVersion = 10.0.40219.1
Project("{FAE04EC0-301F-11D3-BF4B-00C04F79EFBC}") = "WinFormsApp10", "WinFormsApp10\WinFormsApp10.csproj", "{B8AF4E1B-BE76-443F-9E15-01B3079E179E}"
EndProject
Global
	GlobalSection(SolutionConfigurationPlatforms) = preSolution
		Debug|Any CPU = Debug|Any CPU
		Release|Any CPU = Release|Any CPU
	EndGlobalSection
	GlobalSection(ProjectConfigurationPlatforms) = postSolution
		{B8AF4E1B-BE76-443F-9E15-01B3079E179E}.Debug|Any CPU.ActiveCfg = Debug|Any CPU
		{B8AF4E1B-BE76-443F-9E15-01B3079E179E}.Debug|Any CPU.Build.0 = Debug|Any CPU
		{B8AF4E1B-BE76-443F-9E15-01B3079E179E}.Release|Any CPU.ActiveCfg = Release|Any CPU
		{B8AF4E1B-BE76-443F-9E15-01B3079E179E}.Release|Any CPU.Build.0 = Release|Any CPU
	EndGlobalSection
	GlobalSection(SolutionProperties) = preSolution
		HideSolutionNode = FALSE
	EndGlobalSection
	GlobalSection(ExtensibilityGlobals) = postSolution
		SolutionGuid = {5B5A62DB-7000-4527-9DCA-948803655CB7}
	EndGlobalSection
EndGlobal
