
Microsoft Visual Studio Solution File, Format Version 12.00
# Visual Studio Version 17
VisualStudioVersion = 17.11.35327.3
MinimumVisualStudioVersion = 10.0.40219.1
Project("{FAE04EC0-301F-11D3-BF4B-00C04F79EFBC}") = "RegWindows", "RegWindows\RegWindows.csproj", "{742D9AAB-5EC2-4501-9999-BEC4B4A897E4}"
EndProject
Global
	GlobalSection(SolutionConfigurationPlatforms) = preSolution
		Debug|Any CPU = Debug|Any CPU
		Release|Any CPU = Release|Any CPU
	EndGlobalSection
	GlobalSection(ProjectConfigurationPlatforms) = postSolution
		{742D9AAB-5EC2-4501-9999-BEC4B4A897E4}.Debug|Any CPU.ActiveCfg = Debug|Any CPU
		{742D9AAB-5EC2-4501-9999-BEC4B4A897E4}.Debug|Any CPU.Build.0 = Debug|Any CPU
		{742D9AAB-5EC2-4501-9999-BEC4B4A897E4}.Release|Any CPU.ActiveCfg = Release|Any CPU
		{742D9AAB-5EC2-4501-9999-BEC4B4A897E4}.Release|Any CPU.Build.0 = Release|Any CPU
	EndGlobalSection
	GlobalSection(SolutionProperties) = preSolution
		HideSolutionNode = FALSE
	EndGlobalSection
	GlobalSection(ExtensibilityGlobals) = postSolution
		SolutionGuid = {1B94690E-41F0-4590-BFC8-CD81B8259E90}
	EndGlobalSection
EndGlobal
